// !$*UTF8*$!
{
	archiveVersion = 1;
	classes = {
	};
	objectVersion = 46;
	objects = {

/* Begin PBXBuildFile section */
		484A42031AE340E500BCBEEA /* main.m in Sources */ = {isa = PBXBuildFile; fileRef = 484A42021AE340E500BCBEEA /* main.m */; };
		484A42061AE340E500BCBEEA /* AppDelegate.m in Sources */ = {isa = PBXBuildFile; fileRef = 484A42051AE340E500BCBEEA /* AppDelegate.m */; };
		484A42091AE340E500BCBEEA /* ViewController.m in Sources */ = {isa = PBXBuildFile; fileRef = 484A42081AE340E500BCBEEA /* ViewController.m */; };
		484A420C1AE340E500BCBEEA /* Main.storyboard in Resources */ = {isa = PBXBuildFile; fileRef = 484A420A1AE340E500BCBEEA /* Main.storyboard */; };
		484A420E1AE340E500BCBEEA /* Images.xcassets in Resources */ = {isa = PBXBuildFile; fileRef = 484A420D1AE340E500BCBEEA /* Images.xcassets */; };
		484A42111AE340E500BCBEEA /* LaunchScreen.xib in Resources */ = {isa = PBXBuildFile; fileRef = 484A420F1AE340E500BCBEEA /* LaunchScreen.xib */; };
		484A421D1AE340E500BCBEEA /* BarTests.m in Sources */ = {isa = PBXBuildFile; fileRef = 484A421C1AE340E500BCBEEA /* BarTests.m */; };
/* End PBXBuildFile section */

/* Begin PBXContainerItemProxy section */
		484A42171AE340E500BCBEEA /* PBXContainerItemProxy */ = {
			isa = PBXContainerItemProxy;
			containerPortal = 484A41F51AE340E400BCBEEA /* Project object */;
			proxyType = 1;
			remoteGlobalIDString = 484A41FC1AE340E400BCBEEA;
			remoteInfo = Bar;
		};
/* End PBXContainerItemProxy section */

/* Begin PBXFileReference section */
		484A41FD1AE340E500BCBEEA /* Bar.app */ = {isa = PBXFileReference; explicitFileType = wrapper.application; includeInIndex = 0; path = Bar.app; sourceTree = BUILT_PRODUCTS_DIR; };
		484A42011AE340E500BCBEEA /* Info.plist */ = {isa = PBXFileReference; lastKnownFileType = text.plist.xml; path = Info.plist; sourceTree = "<group>"; };
		484A42021AE340E500BCBEEA /* main.m */ = {isa = PBXFileReference; lastKnownFileType = sourcecode.c.objc; path = main.m; sourceTree = "<group>"; };
		484A42041AE340E500BCBEEA /* AppDelegate.h */ = {isa = PBXFileReference; lastKnownFileType = sourcecode.c.h; path = AppDelegate.h; sourceTree = "<group>"; };
		484A42051AE340E500BCBEEA /* AppDelegate.m */ = {isa = PBXFileReference; lastKnownFileType = sourcecode.c.objc; path = AppDelegate.m; sourceTree = "<group>"; };
		484A42071AE340E500BCBEEA /* ViewController.h */ = {isa = PBXFileReference; lastKnownFileType = sourcecode.c.h; path = ViewController.h; sourceTree = "<group>"; };
		484A42081AE340E500BCBEEA /* ViewController.m */ = {isa = PBXFileReference; lastKnownFileType = sourcecode.c.objc; path = ViewController.m; sourceTree = "<group>"; };
		484A420B1AE340E500BCBEEA /* Base */ = {isa = PBXFileReference; lastKnownFileType = file.storyboard; name = Base; path = Base.lproj/Main.storyboard; sourceTree = "<group>"; };
		484A420D1AE340E500BCBEEA /* Images.xcassets */ = {isa = PBXFileReference; lastKnownFileType = folder.assetcatalog; path = Images.xcassets; sourceTree = "<group>"; };
		484A42101AE340E500BCBEEA /* Base */ = {isa = PBXFileReference; lastKnownFileType = file.xib; name = Base; path = Base.lproj/LaunchScreen.xib; sourceTree = "<group>"; };
		484A42161AE340E500BCBEEA /* BarTests.xctest */ = {isa = PBXFileReference; explicitFileType = wrapper.cfbundle; includeInIndex = 0; path = BarTests.xctest; sourceTree = BUILT_PRODUCTS_DIR; };
		484A421B1AE340E500BCBEEA /* Info.plist */ = {isa = PBXFileReference; lastKnownFileType = text.plist.xml; path = Info.plist; sourceTree = "<group>"; };
		484A421C1AE340E500BCBEEA /* BarTests.m */ = {isa = PBXFileReference; lastKnownFileType = sourcecode.c.objc; path = BarTests.m; sourceTree = "<group>"; };
/* End PBXFileReference section */

/* Begin PBXFrameworksBuildPhase section */
		484A41FA1AE340E400BCBEEA /* Frameworks */ = {
			isa = PBXFrameworksBuildPhase;
			buildActionMask = 2147483647;
			files = (
			);
			runOnlyForDeploymentPostprocessing = 0;
		};
		484A42131AE340E500BCBEEA /* Frameworks */ = {
			isa = PBXFrameworksBuildPhase;
			buildActionMask = 2147483647;
			files = (
			);
			runOnlyForDeploymentPostprocessing = 0;
		};
/* End PBXFrameworksBuildPhase section */

/* Begin PBXGroup section */
		484A41F41AE340E400BCBEEA = {
			isa = PBXGroup;
			children = (
				484A41FF1AE340E500BCBEEA /* Bar */,
				484A42191AE340E500BCBEEA /* BarTests */,
				484A41FE1AE340E500BCBEEA /* Products */,
			);
			sourceTree = "<group>";
		};
		484A41FE1AE340E500BCBEEA /* Products */ = {
			isa = PBXGroup;
			children = (
				484A41FD1AE340E500BCBEEA /* Bar.app */,
				484A42161AE340E500BCBEEA /* BarTests.xctest */,
			);
			name = Products;
			sourceTree = "<group>";
		};
		484A41FF1AE340E500BCBEEA /* Bar */ = {
			isa = PBXGroup;
			children = (
				484A42041AE340E500BCBEEA /* AppDelegate.h */,
				484A42051AE340E500BCBEEA /* AppDelegate.m */,
				484A42071AE340E500BCBEEA /* ViewController.h */,
				484A42081AE340E500BCBEEA /* ViewController.m */,
				484A420A1AE340E500BCBEEA /* Main.storyboard */,
				484A420D1AE340E500BCBEEA /* Images.xcassets */,
				484A420F1AE340E500BCBEEA /* LaunchScreen.xib */,
				484A42001AE340E500BCBEEA /* Supporting Files */,
			);
			path = Bar;
			sourceTree = "<group>";
		};
		484A42001AE340E500BCBEEA /* Supporting Files */ = {
			isa = PBXGroup;
			children = (
				484A42011AE340E500BCBEEA /* Info.plist */,
				484A42021AE340E500BCBEEA /* main.m */,
			);
			name = "Supporting Files";
			sourceTree = "<group>";
		};
		484A42191AE340E500BCBEEA /* BarTests */ = {
			isa = PBXGroup;
			children = (
				484A421C1AE340E500BCBEEA /* BarTests.m */,
				484A421A1AE340E500BCBEEA /* Supporting Files */,
			);
			path = BarTests;
			sourceTree = "<group>";
		};
		484A421A1AE340E500BCBEEA /* Supporting Files */ = {
			isa = PBXGroup;
			children = (
				484A421B1AE340E500BCBEEA /* Info.plist */,
			);
			name = "Supporting Files";
			sourceTree = "<group>";
		};
/* End PBXGroup section */

/* Begin PBXNativeTarget section */
		484A41FC1AE340E400BCBEEA /* Bar */ = {
			isa = PBXNativeTarget;
			buildConfigurationList = 484A42201AE340E500BCBEEA /* Build configuration list for PBXNativeTarget "Bar" */;
			buildPhases = (
				484A41F91AE340E400BCBEEA /* Sources */,
				484A41FA1AE340E400BCBEEA /* Frameworks */,
				484A41FB1AE340E400BCBEEA /* Resources */,
			);
			buildRules = (
			);
			dependencies = (
			);
			name = Bar;
			productName = Bar;
			productReference = 484A41FD1AE340E500BCBEEA /* Bar.app */;
			productType = "com.apple.product-type.application";
		};
		484A42151AE340E500BCBEEA /* BarTests */ = {
			isa = PBXNativeTarget;
			buildConfigurationList = 484A42231AE340E500BCBEEA /* Build configuration list for PBXNativeTarget "BarTests" */;
			buildPhases = (
				484A42121AE340E500BCBEEA /* Sources */,
				484A42131AE340E500BCBEEA /* Frameworks */,
				484A42141AE340E500BCBEEA /* Resources */,
			);
			buildRules = (
			);
			dependencies = (
				484A42181AE340E500BCBEEA /* PBXTargetDependency */,
			);
			name = BarTests;
			productName = BarTests;
			productReference = 484A42161AE340E500BCBEEA /* BarTests.xctest */;
			productType = "com.apple.product-type.bundle.unit-test";
		};
/* End PBXNativeTarget section */

/* Begin PBXProject section */
		484A41F51AE340E400BCBEEA /* Project object */ = {
			isa = PBXProject;
			attributes = {
				LastUpgradeCheck = 0610;
				ORGANIZATIONNAME = Andrea;
				TargetAttributes = {
					484A41FC1AE340E400BCBEEA = {
						CreatedOnToolsVersion = 6.1.1;
					};
					484A42151AE340E500BCBEEA = {
						CreatedOnToolsVersion = 6.1.1;
						TestTargetID = 484A41FC1AE340E400BCBEEA;
					};
				};
			};
			buildConfigurationList = 484A41F81AE340E400BCBEEA /* Build configuration list for PBXProject "Bar" */;
			compatibilityVersion = "Xcode 3.2";
			developmentRegion = English;
			hasScannedForEncodings = 0;
			knownRegions = (
				en,
				Base,
			);
			mainGroup = 484A41F41AE340E400BCBEEA;
			productRefGroup = 484A41FE1AE340E500BCBEEA /* Products */;
			projectDirPath = "";
			projectRoot = "";
			targets = (
				484A41FC1AE340E400BCBEEA /* Bar */,
				484A42151AE340E500BCBEEA /* BarTests */,
			);
		};
/* End PBXProject section */

/* Begin PBXResourcesBuildPhase section */
		484A41FB1AE340E400BCBEEA /* Resources */ = {
			isa = PBXResourcesBuildPhase;
			buildActionMask = 2147483647;
			files = (
				484A420C1AE340E500BCBEEA /* Main.storyboard in Resources */,
				484A42111AE340E500BCBEEA /* LaunchScreen.xib in Resources */,
				484A420E1AE340E500BCBEEA /* Images.xcassets in Resources */,
			);
			runOnlyForDeploymentPostprocessing = 0;
		};
		484A42141AE340E500BCBEEA /* Resources */ = {
			isa = PBXResourcesBuildPhase;
			buildActionMask = 2147483647;
			files = (
			);
			runOnlyForDeploymentPostprocessing = 0;
		};
/* End PBXResourcesBuildPhase section */

/* Begin PBXSourcesBuildPhase section */
		484A41F91AE340E400BCBEEA /* Sources */ = {
			isa = PBXSourcesBuildPhase;
			buildActionMask = 2147483647;
			files = (
				484A42091AE340E500BCBEEA /* ViewController.m in Sources */,
				484A42061AE340E500BCBEEA /* AppDelegate.m in Sources */,
				484A42031AE340E500BCBEEA /* main.m in Sources */,
			);
			runOnlyForDeploymentPostprocessing = 0;
		};
		484A42121AE340E500BCBEEA /* Sources */ = {
			isa = PBXSourcesBuildPhase;
			buildActionMask = 2147483647;
			files = (
				484A421D1AE340E500BCBEEA /* BarTests.m in Sources */,
			);
			runOnlyForDeploymentPostprocessing = 0;
		};
/* End PBXSourcesBuildPhase section */

/* Begin PBXTargetDependency section */
		484A42181AE340E500BCBEEA /* PBXTargetDependency */ = {
			isa = PBXTargetDependency;
			target = 484A41FC1AE340E400BCBEEA /* Bar */;
			targetProxy = 484A42171AE340E500BCBEEA /* PBXContainerItemProxy */;
		};
/* End PBXTargetDependency section */

/* Begin PBXVariantGroup section */
		484A420A1AE340E500BCBEEA /* Main.storyboard */ = {
			isa = PBXVariantGroup;
			children = (
				484A420B1AE340E500BCBEEA /* Base */,
			);
			name = Main.storyboard;
			sourceTree = "<group>";
		};
		484A420F1AE340E500BCBEEA /* LaunchScreen.xib */ = {
			isa = PBXVariantGroup;
			children = (
				484A42101AE340E500BCBEEA /* Base */,
			);
			name = LaunchScreen.xib;
			sourceTree = "<group>";
		};
/* End PBXVariantGroup section */

/* Begin XCBuildConfiguration section */
		484A421E1AE340E500BCBEEA /* Debug */ = {
			isa = XCBuildConfiguration;
			buildSettings = {
				ALWAYS_SEARCH_USER_PATHS = NO;
				CLANG_CXX_LANGUAGE_STANDARD = "gnu++0x";
				CLANG_CXX_LIBRARY = "libc++";
				CLANG_ENABLE_MODULES = YES;
				CLANG_ENABLE_OBJC_ARC = YES;
				CLANG_WARN_BOOL_CONVERSION = YES;
				CLANG_WARN_CONSTANT_CONVERSION = YES;
				CLANG_WARN_DIRECT_OBJC_ISA_USAGE = YES_ERROR;
				CLANG_WARN_EMPTY_BODY = YES;
				CLANG_WARN_ENUM_CONVERSION = YES;
				CLANG_WARN_INT_CONVERSION = YES;
				CLANG_WARN_OBJC_ROOT_CLASS = YES_ERROR;
				CLANG_WARN_UNREACHABLE_CODE = YES;
				CLANG_WARN__DUPLICATE_METHOD_MATCH = YES;
				"CODE_SIGN_IDENTITY[sdk=iphoneos*]" = "iPhone Developer";
				COPY_PHASE_STRIP = NO;
				ENABLE_STRICT_OBJC_MSGSEND = YES;
				GCC_C_LANGUAGE_STANDARD = gnu99;
				GCC_DYNAMIC_NO_PIC = NO;
				GCC_OPTIMIZATION_LEVEL = 0;
				GCC_PREPROCESSOR_DEFINITIONS = (
					"DEBUG=1",
					"$(inherited)",
				);
				GCC_SYMBOLS_PRIVATE_EXTERN = NO;
				GCC_WARN_64_TO_32_BIT_CONVERSION = YES;
				GCC_WARN_ABOUT_RETURN_TYPE = YES_ERROR;
				GCC_WARN_UNDECLARED_SELECTOR = YES;
				GCC_WARN_UNINITIALIZED_AUTOS = YES_AGGRESSIVE;
				GCC_WARN_UNUSED_FUNCTION = YES;
				GCC_WARN_UNUSED_VARIABLE = YES;
				IPHONEOS_DEPLOYMENT_TARGET = 8.1;
				MTL_ENABLE_DEBUG_INFO = YES;
				ONLY_ACTIVE_ARCH = YES;
				SDKROOT = iphoneos;
			};
			name = Debug;
		};
		484A421F1AE340E500BCBEEA /* Release */ = {
			isa = XCBuildConfiguration;
			buildSettings = {
				ALWAYS_SEARCH_USER_PATHS = NO;
				CLANG_CXX_LANGUAGE_STANDARD = "gnu++0x";
				CLANG_CXX_LIBRARY = "libc++";
				CLANG_ENABLE_MODULES = YES;
				CLANG_ENABLE_OBJC_ARC = YES;
				CLANG_WARN_BOOL_CONVERSION = YES;
				CLANG_WARN_CONSTANT_CONVERSION = YES;
				CLANG_WARN_DIRECT_OBJC_ISA_USAGE = YES_ERROR;
				CLANG_WARN_EMPTY_BODY = YES;
				CLANG_WARN_ENUM_CONVERSION = YES;
				CLANG_WARN_INT_CONVERSION = YES;
				CLANG_WARN_OBJC_ROOT_CLASS = YES_ERROR;
				CLANG_WARN_UNREACHABLE_CODE = YES;
				CLANG_WARN__DUPLICATE_METHOD_MATCH = YES;
				"CODE_SIGN_IDENTITY[sdk=iphoneos*]" = "iPhone Developer";
				COPY_PHASE_STRIP = YES;
				ENABLE_NS_ASSERTIONS = NO;
				ENABLE_STRICT_OBJC_MSGSEND = YES;
				GCC_C_LANGUAGE_STANDARD = gnu99;
				GCC_WARN_64_TO_32_BIT_CONVERSION = YES;
				GCC_WARN_ABOUT_RETURN_TYPE = YES_ERROR;
				GCC_WARN_UNDECLARED_SELECTOR = YES;
				GCC_WARN_UNINITIALIZED_AUTOS = YES_AGGRESSIVE;
				GCC_WARN_UNUSED_FUNCTION = YES;
				GCC_WARN_UNUSED_VARIABLE = YES;
				IPHONEOS_DEPLOYMENT_TARGET = 8.1;
				MTL_ENABLE_DEBUG_INFO = NO;
				SDKROOT = iphoneos;
				VALIDATE_PRODUCT = YES;
			};
			name = Release;
		};
		484A42211AE340E500BCBEEA /* Debug */ = {
			isa = XCBuildConfiguration;
			buildSettings = {
				ASSETCATALOG_COMPILER_APPICON_NAME = AppIcon;
				INFOPLIST_FILE = Bar/Info.plist;
				LD_RUNPATH_SEARCH_PATHS = "$(inherited) @executable_path/Frameworks";
				PRODUCT_NAME = "$(TARGET_NAME)";
			};
			name = Debug;
		};
		484A42221AE340E500BCBEEA /* Release */ = {
			isa = XCBuildConfiguration;
			buildSettings = {
				ASSETCATALOG_COMPILER_APPICON_NAME = AppIcon;
				INFOPLIST_FILE = Bar/Info.plist;
				LD_RUNPATH_SEARCH_PATHS = "$(inherited) @executable_path/Frameworks";
				PRODUCT_NAME = "$(TARGET_NAME)";
			};
			name = Release;
		};
		484A42241AE340E500BCBEEA /* Debug */ = {
			isa = XCBuildConfiguration;
			buildSettings = {
				BUNDLE_LOADER = "$(TEST_HOST)";
				FRAMEWORK_SEARCH_PATHS = (
					"$(SDKROOT)/Developer/Library/Frameworks",
					"$(inherited)",
				);
				GCC_PREPROCESSOR_DEFINITIONS = (
					"DEBUG=1",
					"$(inherited)",
				);
				INFOPLIST_FILE = BarTests/Info.plist;
				LD_RUNPATH_SEARCH_PATHS = "$(inherited) @executable_path/Frameworks @loader_path/Frameworks";
				PRODUCT_NAME = "$(TARGET_NAME)";
				TEST_HOST = "$(BUILT_PRODUCTS_DIR)/Bar.app/Bar";
			};
			name = Debug;
		};
		484A42251AE340E500BCBEEA /* Release */ = {
			isa = XCBuildConfiguration;
			buildSettings = {
				BUNDLE_LOADER = "$(TEST_HOST)";
				FRAMEWORK_SEARCH_PATHS = (
					"$(SDKROOT)/Developer/Library/Frameworks",
					"$(inherited)",
				);
				INFOPLIST_FILE = BarTests/Info.plist;
				LD_RUNPATH_SEARCH_PATHS = "$(inherited) @executable_path/Frameworks @loader_path/Frameworks";
				PRODUCT_NAME = "$(TARGET_NAME)";
				TEST_HOST = "$(BUILT_PRODUCTS_DIR)/Bar.app/Bar";
			};
			name = Release;
		};
/* End XCBuildConfiguration section */

/* Begin XCConfigurationList section */
		484A41F81AE340E400BCBEEA /* Build configuration list for PBXProject "Bar" */ = {
			isa = XCConfigurationList;
			buildConfigurations = (
				484A421E1AE340E500BCBEEA /* Debug */,
				484A421F1AE340E500BCBEEA /* Release */,
			);
			defaultConfigurationIsVisible = 0;
			defaultConfigurationName = Release;
		};
		484A42201AE340E500BCBEEA /* Build configuration list for PBXNativeTarget "Bar" */ = {
			isa = XCConfigurationList;
			buildConfigurations = (
				484A42211AE340E500BCBEEA /* Debug */,
				484A42221AE340E500BCBEEA /* Release */,
			);
			defaultConfigurationIsVisible = 0;
		};
		484A42231AE340E500BCBEEA /* Build configuration list for PBXNativeTarget "BarTests" */ = {
			isa = XCConfigurationList;
			buildConfigurations = (
				484A42241AE340E500BCBEEA /* Debug */,
				484A42251AE340E500BCBEEA /* Release */,
			);
			defaultConfigurationIsVisible = 0;
		};
/* End XCConfigurationList section */
	};
	rootObject = 484A41F51AE340E400BCBEEA /* Project object */;
}
